
Microsoft Visual Studio Solution File, Format Version 12.00
# Visual Studio Version 16
VisualStudioVersion = 16.0.30104.148
MinimumVisualStudioVersion = 10.0.40219.1
Project("{FAE04EC0-301F-11D3-BF4B-00C04F79EFBC}") = "Venkat_AspNetCoreMvc", "Venkat_AspNetCoreMvc\Venkat_AspNetCoreMvc.csproj", "{9B1BCBD1-941F-42D5-9D1D-D4F5B3CEB81A}"
EndProject
Global
	GlobalSection(SolutionConfigurationPlatforms) = preSolution
		Debug|Any CPU = Debug|Any CPU
		Release|Any CPU = Release|Any CPU
	EndGlobalSection
	GlobalSection(ProjectConfigurationPlatforms) = postSolution
		{9B1BCBD1-941F-42D5-9D1D-D4F5B3CEB81A}.Debug|Any CPU.ActiveCfg = Debug|Any CPU
		{9B1BCBD1-941F-42D5-9D1D-D4F5B3CEB81A}.Debug|Any CPU.Build.0 = Debug|Any CPU
		{9B1BCBD1-941F-42D5-9D1D-D4F5B3CEB81A}.Release|Any CPU.ActiveCfg = Release|Any CPU
		{9B1BCBD1-941F-42D5-9D1D-D4F5B3CEB81A}.Release|Any CPU.Build.0 = Release|Any CPU
	EndGlobalSection
	GlobalSection(SolutionProperties) = preSolution
		HideSolutionNode = FALSE
	EndGlobalSection
	GlobalSection(ExtensibilityGlobals) = postSolution
		SolutionGuid = {73845C8B-BC29-4AF7-83DF-640538061532}
	EndGlobalSection
EndGlobal
